
Microsoft Visual Studio Solution File, Format Version 12.00
# Visual Studio 15
VisualStudioVersion = 15.0.27130.2036
MinimumVisualStudioVersion = 10.0.40219.1
Project("{FAE04EC0-301F-11D3-BF4B-00C04F79EFBC}") = "Capitulo01.Variaveis", "Capitulo01.Variaveis\Capitulo01.Variaveis.csproj", "{8177E0EB-630F-4CB8-A675-E079ECD77BC7}"
EndProject
Project("{FAE04EC0-301F-11D3-BF4B-00C04F79EFBC}") = "Capitulo01.Troco", "Capitulo01.Troco\Capitulo01.Troco.csproj", "{23413753-A221-4481-99FF-D2699F86BCF9}"
EndProject
Project("{FAE04EC0-301F-11D3-BF4B-00C04F79EFBC}") = "Capitulo02.Fretes", "Capitulo02.Fretes\Capitulo02.Fretes.csproj", "{A2F4274C-A0F2-4758-B155-1093F79DDDB1}"
EndProject
Project("{FAE04EC0-301F-11D3-BF4B-00C04F79EFBC}") = "Capitulo02.Tabuada", "Capitulo02.Tabuada\Capitulo02.Tabuada.csproj", "{FB38F395-A2F5-40DF-9407-577570D1E938}"
EndProject
Project("{FAE04EC0-301F-11D3-BF4B-00C04F79EFBC}") = "Capitulo02.Repeticao.Testes", "Capitulo02.Repeticao.Testes\Capitulo02.Repeticao.Testes.csproj", "{1EBED5AC-4B56-42CA-B0F5-D9A73DFA9C64}"
EndProject
Project("{FAE04EC0-301F-11D3-BF4B-00C04F79EFBC}") = "Oficina.Dominio", "Oficina.Dominio\Oficina.Dominio.csproj", "{19B91507-6B7E-4AC1-B64C-92B63F013EFC}"
EndProject
Project("{FAE04EC0-301F-11D3-BF4B-00C04F79EFBC}") = "Oficina.Repositorios.SistemaArquivos", "Oficina.Repositorios.SistemaArquivos\Oficina.Repositorios.SistemaArquivos.csproj", "{22B422AF-1070-41B0-BF96-0DB4031A0FC6}"
EndProject
Project("{FAE04EC0-301F-11D3-BF4B-00C04F79EFBC}") = "Oficina.Repositorios.SistemaArquivosTests", "Oficina.Repositorios.SistemaArquivosTests\Oficina.Repositorios.SistemaArquivosTests.csproj", "{ECB773CB-DE11-4D02-B12B-E25D78318995}"
EndProject
Project("{2150E333-8FDC-42A3-9474-1A3956D46DE8}") = "Oficina", "Oficina", "{2CA8AE04-987C-4DCA-A10C-61206149D3B7}"
EndProject
Project("{FAE04EC0-301F-11D3-BF4B-00C04F79EFBC}") = "Capitulo06.Http.Testes", "Capitulo06.Http.Testes\Capitulo06.Http.Testes.csproj", "{7C531AFB-08E1-4323-9E84-DB6FB2E950D8}"
EndProject
Project("{FAE04EC0-301F-11D3-BF4B-00C04F79EFBC}") = "Oficina.AspNet", "Oficina.AspNet\Oficina.AspNet.csproj", "{EF0FF27A-F20C-42D6-9D9B-28B50F957605}"
EndProject
Project("{FAE04EC0-301F-11D3-BF4B-00C04F79EFBC}") = "Capitulo04.Colecoes.Testes", "Capitulo04.Colecoes.Testes\Capitulo04.Colecoes.Testes.csproj", "{7A89D17E-28F0-4E0B-8F30-9725DD55F40A}"
EndProject
Project("{2150E333-8FDC-42A3-9474-1A3956D46DE8}") = "Pessoal", "Pessoal", "{97763C78-9A3B-4FC3-9496-54B8F006AD62}"
EndProject
Project("{FAE04EC0-301F-11D3-BF4B-00C04F79EFBC}") = "Pessoal.Dominio", "Pessoal.Dominio\Pessoal.Dominio.csproj", "{10DB92A6-F343-4622-BE39-8A062BADD792}"
EndProject
Project("{FAE04EC0-301F-11D3-BF4B-00C04F79EFBC}") = "Pessoal.Repositorios.SqlServer", "Pessoal.Repositorios.SqlServer\Pessoal.Repositorios.SqlServer.csproj", "{11FF5A1A-3DFD-4A21-9E9A-FCD7D61EC7FB}"
EndProject
Project("{FAE04EC0-301F-11D3-BF4B-00C04F79EFBC}") = "Pessoal.Repositorios.SqlServerTests", "Pessoal.Repositorios.SqlServerTests\Pessoal.Repositorios.SqlServerTests.csproj", "{0558B46C-1778-4886-9145-8C161181A817}"
EndProject
Project("{00D1A9C2-B5F0-4AF3-8072-F6C62B433612}") = "Pessoal.Database", "Pessoal.Database\Pessoal.Database.sqlproj", "{EEC2471F-965F-4E09-881E-C31BFCBF21D1}"
EndProject
Project("{E24C65DC-7377-472B-9ABA-BC803B73C61A}") = "Pessoal.WebForms", "Pessoal.WebForms\", "{403EEF61-7C8E-4C57-84F8-8DF0AEF9A34C}"
	ProjectSection(WebsiteProperties) = preProject
		TargetFrameworkMoniker = ".NETFramework,Version%3Dv4.7"
		ProjectReferences = "{10db92a6-f343-4622-be39-8a062badd792}|Pessoal.Dominio.dll;{11ff5a1a-3dfd-4a21-9e9a-fcd7d61ec7fb}|Pessoal.Repositorios.SqlServer.dll;"
		Debug.AspNetCompiler.VirtualPath = "/localhost_49941"
		Debug.AspNetCompiler.PhysicalPath = "Pessoal.WebForms\"
		Debug.AspNetCompiler.TargetPath = "PrecompiledWeb\localhost_49941\"
		Debug.AspNetCompiler.Updateable = "true"
		Debug.AspNetCompiler.ForceOverwrite = "true"
		Debug.AspNetCompiler.FixedNames = "false"
		Debug.AspNetCompiler.Debug = "True"
		Release.AspNetCompiler.VirtualPath = "/localhost_49941"
		Release.AspNetCompiler.PhysicalPath = "Pessoal.WebForms\"
		Release.AspNetCompiler.TargetPath = "PrecompiledWeb\localhost_49941\"
		Release.AspNetCompiler.Updateable = "true"
		Release.AspNetCompiler.ForceOverwrite = "true"
		Release.AspNetCompiler.FixedNames = "false"
		Release.AspNetCompiler.Debug = "False"
		VWDPort = "49941"
		SlnRelativePath = "Pessoal.WebForms\"
		DefaultWebSiteLanguage = "Visual C#"
	EndProjectSection
EndProject
Project("{2150E333-8FDC-42A3-9474-1A3956D46DE8}") = "Loja", "Loja", "{A86F6068-33ED-4AF1-B786-0D93F6712B51}"
EndProject
Project("{FAE04EC0-301F-11D3-BF4B-00C04F79EFBC}") = "Loja.Dominio", "Loja.Dominio\Loja.Dominio.csproj", "{AD3F1B39-DB02-4ADE-B446-02B2EC832A8D}"
EndProject
Project("{FAE04EC0-301F-11D3-BF4B-00C04F79EFBC}") = "Loja.Repositorios.SqlServer.EFCodeFirst", "Loja.Repositorios.SqlServer.EFCodeFirst\Loja.Repositorios.SqlServer.EFCodeFirst.csproj", "{1EBB58F8-1DDD-48C2-8AB8-FE2AE5052C33}"
EndProject
Project("{FAE04EC0-301F-11D3-BF4B-00C04F79EFBC}") = "Loja.Repositorios.SqlServer.EFCodeFirstTests", "Loja.Repositorios.SqlServer.EFCodeFirstTests\Loja.Repositorios.SqlServer.EFCodeFirstTests.csproj", "{D4E35F6D-3A2B-445D-AAF7-7BF6BCCB83B5}"
EndProject
Project("{FAE04EC0-301F-11D3-BF4B-00C04F79EFBC}") = "Loja.Mvc", "Loja.Mvc\Loja.Mvc.csproj", "{0F76B141-AF5F-4CFD-AA1C-643C1D023DD7}"
EndProject
Project("{FAE04EC0-301F-11D3-BF4B-00C04F79EFBC}") = "Loja.Repositorios.SqlServer.EFModelFirst", "Loja.Repositorios.SqlServer.EFModelFirst\Loja.Repositorios.SqlServer.EFModelFirst.csproj", "{62D602DA-5408-4B51-8ACA-689E0621FDE9}"
EndProject
Project("{2150E333-8FDC-42A3-9474-1A3956D46DE8}") = "Northwind", "Northwind", "{AC0FBA0C-949A-4148-BA38-D6B8AC66CA12}"
EndProject
Project("{2150E333-8FDC-42A3-9474-1A3956D46DE8}") = "Backend", "Backend", "{05111C15-716D-4171-AC72-5A3BCDB48309}"
EndProject
Project("{FAE04EC0-301F-11D3-BF4B-00C04F79EFBC}") = "Northwind.Repositorios.SqlServer.EFDbFirst", "Northwind.Repositorios.SqlServer.EFDbFirst\Northwind.Repositorios.SqlServer.EFDbFirst.csproj", "{7F814B74-EA3A-4A6A-BF56-0A7DA6689450}"
EndProject
Project("{FAE04EC0-301F-11D3-BF4B-00C04F79EFBC}") = "Northwind.WebApi", "Northwind.WebApi\Northwind.WebApi.csproj", "{C37B472A-014F-4B4A-A408-4EA48D29742F}"
EndProject
Project("{2150E333-8FDC-42A3-9474-1A3956D46DE8}") = "Frontend", "Frontend", "{8932BCA4-42CD-4AA0-8F05-07F989A8A9B4}"
EndProject
Project("{FAE04EC0-301F-11D3-BF4B-00C04F79EFBC}") = "Northwind.Repositorios.WebApi", "Northwind.Repositorios.WebApi\Northwind.Repositorios.WebApi.csproj", "{8C4A27E5-4A55-40D2-A214-8C1A7B9BDBD8}"
EndProject
Project("{FAE04EC0-301F-11D3-BF4B-00C04F79EFBC}") = "Northwind.Repositorios.WebApiTests", "Northwind.Repositorios.WebApiTests\Northwind.Repositorios.WebApiTests.csproj", "{07428EAB-791D-4E2D-B956-3B8680A5E50D}"
EndProject
Project("{FAE04EC0-301F-11D3-BF4B-00C04F79EFBC}") = "Northwind.Html", "Northwind.Html\Northwind.Html.csproj", "{FD1950D6-A996-486A-B26A-35F2B43F99C4}"
EndProject
Project("{FAE04EC0-301F-11D3-BF4B-00C04F79EFBC}") = "Loja.Resources", "Loja.Resources\Loja.Resources.csproj", "{E9877FC2-0373-4FFA-8573-321DB0E23F22}"
EndProject
Project("{2150E333-8FDC-42A3-9474-1A3956D46DE8}") = "Empresa", "Empresa", "{02C88357-FDCC-48B1-BE81-1E5510A03B2B}"
EndProject
Project("{9A19103F-16F7-4668-BE54-9A1E7A4F7556}") = "Empresa.Dominio", "Empresa.Dominio\Empresa.Dominio.csproj", "{A2579CB4-2CDF-4076-B407-296EDAFDBC0C}"
EndProject
Project("{9A19103F-16F7-4668-BE54-9A1E7A4F7556}") = "Empresa.Repositorios.SqlServer", "Empresa.Repositorios.SqlServer\Empresa.Repositorios.SqlServer.csproj", "{675ED962-9455-4CE9-B279-B764B7D4B628}"
EndProject
Project("{9A19103F-16F7-4668-BE54-9A1E7A4F7556}") = "Empresa.Mvc", "Empresa.Mvc\Empresa.Mvc.csproj", "{0832B0DF-FF79-4875-9CFC-E55EF1FBD848}"
EndProject
Project("{2150E333-8FDC-42A3-9474-1A3956D46DE8}") = "ViagensOnline", "ViagensOnline", "{44E74730-7E54-4883-96B4-9B74FD382072}"
EndProject
Project("{FAE04EC0-301F-11D3-BF4B-00C04F79EFBC}") = "ViagensOnline.Dominio", "ViagensOnline.Dominio\ViagensOnline.Dominio.csproj", "{53A7FECA-170E-4975-9C93-0D51F4F4F655}"
EndProject
Project("{FAE04EC0-301F-11D3-BF4B-00C04F79EFBC}") = "ViagensOnline.Repositorios.SqlServer", "ViagensOnline.Repositorios.SqlServer\ViagensOnline.Repositorios.SqlServer.csproj", "{33C1E14C-F55E-41DE-9CA1-D1E308A7A29F}"
EndProject
Project("{FAE04EC0-301F-11D3-BF4B-00C04F79EFBC}") = "ViagensOnline.Repositorios.SqlServerTests", "ViagensOnline.Repositorios.SqlServerTests\ViagensOnline.Repositorios.SqlServerTests.csproj", "{981FD696-19A7-4B4F-97AB-512DC3A55C9F}"
EndProject
Global
	GlobalSection(SolutionConfigurationPlatforms) = preSolution
		Debug|Any CPU = Debug|Any CPU
		Release|Any CPU = Release|Any CPU
	EndGlobalSection
	GlobalSection(ProjectConfigurationPlatforms) = postSolution
		{8177E0EB-630F-4CB8-A675-E079ECD77BC7}.Debug|Any CPU.ActiveCfg = Debug|Any CPU
		{8177E0EB-630F-4CB8-A675-E079ECD77BC7}.Debug|Any CPU.Build.0 = Debug|Any CPU
		{8177E0EB-630F-4CB8-A675-E079ECD77BC7}.Release|Any CPU.ActiveCfg = Release|Any CPU
		{8177E0EB-630F-4CB8-A675-E079ECD77BC7}.Release|Any CPU.Build.0 = Release|Any CPU
		{23413753-A221-4481-99FF-D2699F86BCF9}.Debug|Any CPU.ActiveCfg = Debug|Any CPU
		{23413753-A221-4481-99FF-D2699F86BCF9}.Debug|Any CPU.Build.0 = Debug|Any CPU
		{23413753-A221-4481-99FF-D2699F86BCF9}.Release|Any CPU.ActiveCfg = Release|Any CPU
		{23413753-A221-4481-99FF-D2699F86BCF9}.Release|Any CPU.Build.0 = Release|Any CPU
		{A2F4274C-A0F2-4758-B155-1093F79DDDB1}.Debug|Any CPU.ActiveCfg = Debug|Any CPU
		{A2F4274C-A0F2-4758-B155-1093F79DDDB1}.Debug|Any CPU.Build.0 = Debug|Any CPU
		{A2F4274C-A0F2-4758-B155-1093F79DDDB1}.Release|Any CPU.ActiveCfg = Release|Any CPU
		{A2F4274C-A0F2-4758-B155-1093F79DDDB1}.Release|Any CPU.Build.0 = Release|Any CPU
		{FB38F395-A2F5-40DF-9407-577570D1E938}.Debug|Any CPU.ActiveCfg = Debug|Any CPU
		{FB38F395-A2F5-40DF-9407-577570D1E938}.Debug|Any CPU.Build.0 = Debug|Any CPU
		{FB38F395-A2F5-40DF-9407-577570D1E938}.Release|Any CPU.ActiveCfg = Release|Any CPU
		{FB38F395-A2F5-40DF-9407-577570D1E938}.Release|Any CPU.Build.0 = Release|Any CPU
		{1EBED5AC-4B56-42CA-B0F5-D9A73DFA9C64}.Debug|Any CPU.ActiveCfg = Debug|Any CPU
		{1EBED5AC-4B56-42CA-B0F5-D9A73DFA9C64}.Debug|Any CPU.Build.0 = Debug|Any CPU
		{1EBED5AC-4B56-42CA-B0F5-D9A73DFA9C64}.Release|Any CPU.ActiveCfg = Release|Any CPU
		{1EBED5AC-4B56-42CA-B0F5-D9A73DFA9C64}.Release|Any CPU.Build.0 = Release|Any CPU
		{19B91507-6B7E-4AC1-B64C-92B63F013EFC}.Debug|Any CPU.ActiveCfg = Debug|Any CPU
		{19B91507-6B7E-4AC1-B64C-92B63F013EFC}.Debug|Any CPU.Build.0 = Debug|Any CPU
		{19B91507-6B7E-4AC1-B64C-92B63F013EFC}.Release|Any CPU.ActiveCfg = Release|Any CPU
		{19B91507-6B7E-4AC1-B64C-92B63F013EFC}.Release|Any CPU.Build.0 = Release|Any CPU
		{22B422AF-1070-41B0-BF96-0DB4031A0FC6}.Debug|Any CPU.ActiveCfg = Debug|Any CPU
		{22B422AF-1070-41B0-BF96-0DB4031A0FC6}.Debug|Any CPU.Build.0 = Debug|Any CPU
		{22B422AF-1070-41B0-BF96-0DB4031A0FC6}.Release|Any CPU.ActiveCfg = Release|Any CPU
		{22B422AF-1070-41B0-BF96-0DB4031A0FC6}.Release|Any CPU.Build.0 = Release|Any CPU
		{ECB773CB-DE11-4D02-B12B-E25D78318995}.Debug|Any CPU.ActiveCfg = Debug|Any CPU
		{ECB773CB-DE11-4D02-B12B-E25D78318995}.Debug|Any CPU.Build.0 = Debug|Any CPU
		{ECB773CB-DE11-4D02-B12B-E25D78318995}.Release|Any CPU.ActiveCfg = Release|Any CPU
		{ECB773CB-DE11-4D02-B12B-E25D78318995}.Release|Any CPU.Build.0 = Release|Any CPU
		{7C531AFB-08E1-4323-9E84-DB6FB2E950D8}.Debug|Any CPU.ActiveCfg = Debug|Any CPU
		{7C531AFB-08E1-4323-9E84-DB6FB2E950D8}.Debug|Any CPU.Build.0 = Debug|Any CPU
		{7C531AFB-08E1-4323-9E84-DB6FB2E950D8}.Release|Any CPU.ActiveCfg = Release|Any CPU
		{7C531AFB-08E1-4323-9E84-DB6FB2E950D8}.Release|Any CPU.Build.0 = Release|Any CPU
		{EF0FF27A-F20C-42D6-9D9B-28B50F957605}.Debug|Any CPU.ActiveCfg = Debug|Any CPU
		{EF0FF27A-F20C-42D6-9D9B-28B50F957605}.Debug|Any CPU.Build.0 = Debug|Any CPU
		{EF0FF27A-F20C-42D6-9D9B-28B50F957605}.Release|Any CPU.ActiveCfg = Release|Any CPU
		{EF0FF27A-F20C-42D6-9D9B-28B50F957605}.Release|Any CPU.Build.0 = Release|Any CPU
		{7A89D17E-28F0-4E0B-8F30-9725DD55F40A}.Debug|Any CPU.ActiveCfg = Debug|Any CPU
		{7A89D17E-28F0-4E0B-8F30-9725DD55F40A}.Debug|Any CPU.Build.0 = Debug|Any CPU
		{7A89D17E-28F0-4E0B-8F30-9725DD55F40A}.Release|Any CPU.ActiveCfg = Release|Any CPU
		{7A89D17E-28F0-4E0B-8F30-9725DD55F40A}.Release|Any CPU.Build.0 = Release|Any CPU
		{10DB92A6-F343-4622-BE39-8A062BADD792}.Debug|Any CPU.ActiveCfg = Debug|Any CPU
		{10DB92A6-F343-4622-BE39-8A062BADD792}.Debug|Any CPU.Build.0 = Debug|Any CPU
		{10DB92A6-F343-4622-BE39-8A062BADD792}.Release|Any CPU.ActiveCfg = Release|Any CPU
		{10DB92A6-F343-4622-BE39-8A062BADD792}.Release|Any CPU.Build.0 = Release|Any CPU
		{11FF5A1A-3DFD-4A21-9E9A-FCD7D61EC7FB}.Debug|Any CPU.ActiveCfg = Debug|Any CPU
		{11FF5A1A-3DFD-4A21-9E9A-FCD7D61EC7FB}.Debug|Any CPU.Build.0 = Debug|Any CPU
		{11FF5A1A-3DFD-4A21-9E9A-FCD7D61EC7FB}.Release|Any CPU.ActiveCfg = Release|Any CPU
		{11FF5A1A-3DFD-4A21-9E9A-FCD7D61EC7FB}.Release|Any CPU.Build.0 = Release|Any CPU
		{0558B46C-1778-4886-9145-8C161181A817}.Debug|Any CPU.ActiveCfg = Debug|Any CPU
		{0558B46C-1778-4886-9145-8C161181A817}.Debug|Any CPU.Build.0 = Debug|Any CPU
		{0558B46C-1778-4886-9145-8C161181A817}.Release|Any CPU.ActiveCfg = Release|Any CPU
		{0558B46C-1778-4886-9145-8C161181A817}.Release|Any CPU.Build.0 = Release|Any CPU
		{EEC2471F-965F-4E09-881E-C31BFCBF21D1}.Debug|Any CPU.ActiveCfg = Debug|Any CPU
		{EEC2471F-965F-4E09-881E-C31BFCBF21D1}.Debug|Any CPU.Build.0 = Debug|Any CPU
		{EEC2471F-965F-4E09-881E-C31BFCBF21D1}.Release|Any CPU.ActiveCfg = Release|Any CPU
		{EEC2471F-965F-4E09-881E-C31BFCBF21D1}.Release|Any CPU.Build.0 = Release|Any CPU
		{EEC2471F-965F-4E09-881E-C31BFCBF21D1}.Release|Any CPU.Deploy.0 = Release|Any CPU
		{403EEF61-7C8E-4C57-84F8-8DF0AEF9A34C}.Debug|Any CPU.ActiveCfg = Debug|Any CPU
		{403EEF61-7C8E-4C57-84F8-8DF0AEF9A34C}.Release|Any CPU.ActiveCfg = Debug|Any CPU
		{403EEF61-7C8E-4C57-84F8-8DF0AEF9A34C}.Release|Any CPU.Build.0 = Debug|Any CPU
		{AD3F1B39-DB02-4ADE-B446-02B2EC832A8D}.Debug|Any CPU.ActiveCfg = Debug|Any CPU
		{AD3F1B39-DB02-4ADE-B446-02B2EC832A8D}.Debug|Any CPU.Build.0 = Debug|Any CPU
		{AD3F1B39-DB02-4ADE-B446-02B2EC832A8D}.Release|Any CPU.ActiveCfg = Release|Any CPU
		{AD3F1B39-DB02-4ADE-B446-02B2EC832A8D}.Release|Any CPU.Build.0 = Release|Any CPU
		{1EBB58F8-1DDD-48C2-8AB8-FE2AE5052C33}.Debug|Any CPU.ActiveCfg = Debug|Any CPU
		{1EBB58F8-1DDD-48C2-8AB8-FE2AE5052C33}.Debug|Any CPU.Build.0 = Debug|Any CPU
		{1EBB58F8-1DDD-48C2-8AB8-FE2AE5052C33}.Release|Any CPU.ActiveCfg = Release|Any CPU
		{1EBB58F8-1DDD-48C2-8AB8-FE2AE5052C33}.Release|Any CPU.Build.0 = Release|Any CPU
		{D4E35F6D-3A2B-445D-AAF7-7BF6BCCB83B5}.Debug|Any CPU.ActiveCfg = Debug|Any CPU
		{D4E35F6D-3A2B-445D-AAF7-7BF6BCCB83B5}.Debug|Any CPU.Build.0 = Debug|Any CPU
		{D4E35F6D-3A2B-445D-AAF7-7BF6BCCB83B5}.Release|Any CPU.ActiveCfg = Release|Any CPU
		{D4E35F6D-3A2B-445D-AAF7-7BF6BCCB83B5}.Release|Any CPU.Build.0 = Release|Any CPU
		{0F76B141-AF5F-4CFD-AA1C-643C1D023DD7}.Debug|Any CPU.ActiveCfg = Debug|Any CPU
		{0F76B141-AF5F-4CFD-AA1C-643C1D023DD7}.Debug|Any CPU.Build.0 = Debug|Any CPU
		{0F76B141-AF5F-4CFD-AA1C-643C1D023DD7}.Release|Any CPU.ActiveCfg = Release|Any CPU
		{0F76B141-AF5F-4CFD-AA1C-643C1D023DD7}.Release|Any CPU.Build.0 = Release|Any CPU
		{62D602DA-5408-4B51-8ACA-689E0621FDE9}.Debug|Any CPU.ActiveCfg = Debug|Any CPU
		{62D602DA-5408-4B51-8ACA-689E0621FDE9}.Debug|Any CPU.Build.0 = Debug|Any CPU
		{62D602DA-5408-4B51-8ACA-689E0621FDE9}.Release|Any CPU.ActiveCfg = Release|Any CPU
		{62D602DA-5408-4B51-8ACA-689E0621FDE9}.Release|Any CPU.Build.0 = Release|Any CPU
		{7F814B74-EA3A-4A6A-BF56-0A7DA6689450}.Debug|Any CPU.ActiveCfg = Debug|Any CPU
		{7F814B74-EA3A-4A6A-BF56-0A7DA6689450}.Debug|Any CPU.Build.0 = Debug|Any CPU
		{7F814B74-EA3A-4A6A-BF56-0A7DA6689450}.Release|Any CPU.ActiveCfg = Release|Any CPU
		{7F814B74-EA3A-4A6A-BF56-0A7DA6689450}.Release|Any CPU.Build.0 = Release|Any CPU
		{C37B472A-014F-4B4A-A408-4EA48D29742F}.Debug|Any CPU.ActiveCfg = Debug|Any CPU
		{C37B472A-014F-4B4A-A408-4EA48D29742F}.Debug|Any CPU.Build.0 = Debug|Any CPU
		{C37B472A-014F-4B4A-A408-4EA48D29742F}.Release|Any CPU.ActiveCfg = Release|Any CPU
		{C37B472A-014F-4B4A-A408-4EA48D29742F}.Release|Any CPU.Build.0 = Release|Any CPU
		{8C4A27E5-4A55-40D2-A214-8C1A7B9BDBD8}.Debug|Any CPU.ActiveCfg = Debug|Any CPU
		{8C4A27E5-4A55-40D2-A214-8C1A7B9BDBD8}.Release|Any CPU.ActiveCfg = Release|Any CPU
		{8C4A27E5-4A55-40D2-A214-8C1A7B9BDBD8}.Release|Any CPU.Build.0 = Release|Any CPU
		{07428EAB-791D-4E2D-B956-3B8680A5E50D}.Debug|Any CPU.ActiveCfg = Debug|Any CPU
		{07428EAB-791D-4E2D-B956-3B8680A5E50D}.Debug|Any CPU.Build.0 = Debug|Any CPU
		{07428EAB-791D-4E2D-B956-3B8680A5E50D}.Release|Any CPU.ActiveCfg = Release|Any CPU
		{07428EAB-791D-4E2D-B956-3B8680A5E50D}.Release|Any CPU.Build.0 = Release|Any CPU
		{FD1950D6-A996-486A-B26A-35F2B43F99C4}.Debug|Any CPU.ActiveCfg = Debug|Any CPU
		{FD1950D6-A996-486A-B26A-35F2B43F99C4}.Debug|Any CPU.Build.0 = Debug|Any CPU
		{FD1950D6-A996-486A-B26A-35F2B43F99C4}.Release|Any CPU.ActiveCfg = Release|Any CPU
		{FD1950D6-A996-486A-B26A-35F2B43F99C4}.Release|Any CPU.Build.0 = Release|Any CPU
		{E9877FC2-0373-4FFA-8573-321DB0E23F22}.Debug|Any CPU.ActiveCfg = Debug|Any CPU
		{E9877FC2-0373-4FFA-8573-321DB0E23F22}.Debug|Any CPU.Build.0 = Debug|Any CPU
		{E9877FC2-0373-4FFA-8573-321DB0E23F22}.Release|Any CPU.ActiveCfg = Release|Any CPU
		{E9877FC2-0373-4FFA-8573-321DB0E23F22}.Release|Any CPU.Build.0 = Release|Any CPU
		{A2579CB4-2CDF-4076-B407-296EDAFDBC0C}.Debug|Any CPU.ActiveCfg = Debug|Any CPU
		{A2579CB4-2CDF-4076-B407-296EDAFDBC0C}.Debug|Any CPU.Build.0 = Debug|Any CPU
		{A2579CB4-2CDF-4076-B407-296EDAFDBC0C}.Release|Any CPU.ActiveCfg = Release|Any CPU
		{A2579CB4-2CDF-4076-B407-296EDAFDBC0C}.Release|Any CPU.Build.0 = Release|Any CPU
		{675ED962-9455-4CE9-B279-B764B7D4B628}.Debug|Any CPU.ActiveCfg = Debug|Any CPU
		{675ED962-9455-4CE9-B279-B764B7D4B628}.Debug|Any CPU.Build.0 = Debug|Any CPU
		{675ED962-9455-4CE9-B279-B764B7D4B628}.Release|Any CPU.ActiveCfg = Release|Any CPU
		{675ED962-9455-4CE9-B279-B764B7D4B628}.Release|Any CPU.Build.0 = Release|Any CPU
		{0832B0DF-FF79-4875-9CFC-E55EF1FBD848}.Debug|Any CPU.ActiveCfg = Debug|Any CPU
		{0832B0DF-FF79-4875-9CFC-E55EF1FBD848}.Debug|Any CPU.Build.0 = Debug|Any CPU
		{0832B0DF-FF79-4875-9CFC-E55EF1FBD848}.Release|Any CPU.ActiveCfg = Release|Any CPU
		{0832B0DF-FF79-4875-9CFC-E55EF1FBD848}.Release|Any CPU.Build.0 = Release|Any CPU
		{53A7FECA-170E-4975-9C93-0D51F4F4F655}.Debug|Any CPU.ActiveCfg = Debug|Any CPU
		{53A7FECA-170E-4975-9C93-0D51F4F4F655}.Debug|Any CPU.Build.0 = Debug|Any CPU
		{53A7FECA-170E-4975-9C93-0D51F4F4F655}.Release|Any CPU.ActiveCfg = Release|Any CPU
		{53A7FECA-170E-4975-9C93-0D51F4F4F655}.Release|Any CPU.Build.0 = Release|Any CPU
		{33C1E14C-F55E-41DE-9CA1-D1E308A7A29F}.Debug|Any CPU.ActiveCfg = Debug|Any CPU
		{33C1E14C-F55E-41DE-9CA1-D1E308A7A29F}.Debug|Any CPU.Build.0 = Debug|Any CPU
		{33C1E14C-F55E-41DE-9CA1-D1E308A7A29F}.Release|Any CPU.ActiveCfg = Release|Any CPU
		{33C1E14C-F55E-41DE-9CA1-D1E308A7A29F}.Release|Any CPU.Build.0 = Release|Any CPU
		{981FD696-19A7-4B4F-97AB-512DC3A55C9F}.Debug|Any CPU.ActiveCfg = Debug|Any CPU
		{981FD696-19A7-4B4F-97AB-512DC3A55C9F}.Debug|Any CPU.Build.0 = Debug|Any CPU
		{981FD696-19A7-4B4F-97AB-512DC3A55C9F}.Release|Any CPU.ActiveCfg = Release|Any CPU
		{981FD696-19A7-4B4F-97AB-512DC3A55C9F}.Release|Any CPU.Build.0 = Release|Any CPU
	EndGlobalSection
	GlobalSection(SolutionProperties) = preSolution
		HideSolutionNode = FALSE
	EndGlobalSection
	GlobalSection(NestedProjects) = preSolution
		{19B91507-6B7E-4AC1-B64C-92B63F013EFC} = {2CA8AE04-987C-4DCA-A10C-61206149D3B7}
		{22B422AF-1070-41B0-BF96-0DB4031A0FC6} = {2CA8AE04-987C-4DCA-A10C-61206149D3B7}
		{ECB773CB-DE11-4D02-B12B-E25D78318995} = {2CA8AE04-987C-4DCA-A10C-61206149D3B7}
		{EF0FF27A-F20C-42D6-9D9B-28B50F957605} = {2CA8AE04-987C-4DCA-A10C-61206149D3B7}
		{10DB92A6-F343-4622-BE39-8A062BADD792} = {97763C78-9A3B-4FC3-9496-54B8F006AD62}
		{11FF5A1A-3DFD-4A21-9E9A-FCD7D61EC7FB} = {97763C78-9A3B-4FC3-9496-54B8F006AD62}
		{0558B46C-1778-4886-9145-8C161181A817} = {97763C78-9A3B-4FC3-9496-54B8F006AD62}
		{EEC2471F-965F-4E09-881E-C31BFCBF21D1} = {97763C78-9A3B-4FC3-9496-54B8F006AD62}
		{403EEF61-7C8E-4C57-84F8-8DF0AEF9A34C} = {97763C78-9A3B-4FC3-9496-54B8F006AD62}
		{AD3F1B39-DB02-4ADE-B446-02B2EC832A8D} = {A86F6068-33ED-4AF1-B786-0D93F6712B51}
		{1EBB58F8-1DDD-48C2-8AB8-FE2AE5052C33} = {A86F6068-33ED-4AF1-B786-0D93F6712B51}
		{D4E35F6D-3A2B-445D-AAF7-7BF6BCCB83B5} = {A86F6068-33ED-4AF1-B786-0D93F6712B51}
		{0F76B141-AF5F-4CFD-AA1C-643C1D023DD7} = {A86F6068-33ED-4AF1-B786-0D93F6712B51}
		{62D602DA-5408-4B51-8ACA-689E0621FDE9} = {A86F6068-33ED-4AF1-B786-0D93F6712B51}
		{05111C15-716D-4171-AC72-5A3BCDB48309} = {AC0FBA0C-949A-4148-BA38-D6B8AC66CA12}
		{7F814B74-EA3A-4A6A-BF56-0A7DA6689450} = {05111C15-716D-4171-AC72-5A3BCDB48309}
		{C37B472A-014F-4B4A-A408-4EA48D29742F} = {05111C15-716D-4171-AC72-5A3BCDB48309}
		{8932BCA4-42CD-4AA0-8F05-07F989A8A9B4} = {AC0FBA0C-949A-4148-BA38-D6B8AC66CA12}
		{8C4A27E5-4A55-40D2-A214-8C1A7B9BDBD8} = {8932BCA4-42CD-4AA0-8F05-07F989A8A9B4}
		{07428EAB-791D-4E2D-B956-3B8680A5E50D} = {8932BCA4-42CD-4AA0-8F05-07F989A8A9B4}
		{FD1950D6-A996-486A-B26A-35F2B43F99C4} = {8932BCA4-42CD-4AA0-8F05-07F989A8A9B4}
		{E9877FC2-0373-4FFA-8573-321DB0E23F22} = {A86F6068-33ED-4AF1-B786-0D93F6712B51}
		{A2579CB4-2CDF-4076-B407-296EDAFDBC0C} = {02C88357-FDCC-48B1-BE81-1E5510A03B2B}
		{675ED962-9455-4CE9-B279-B764B7D4B628} = {02C88357-FDCC-48B1-BE81-1E5510A03B2B}
		{0832B0DF-FF79-4875-9CFC-E55EF1FBD848} = {02C88357-FDCC-48B1-BE81-1E5510A03B2B}
		{53A7FECA-170E-4975-9C93-0D51F4F4F655} = {44E74730-7E54-4883-96B4-9B74FD382072}
		{33C1E14C-F55E-41DE-9CA1-D1E308A7A29F} = {44E74730-7E54-4883-96B4-9B74FD382072}
		{981FD696-19A7-4B4F-97AB-512DC3A55C9F} = {44E74730-7E54-4883-96B4-9B74FD382072}
	EndGlobalSection
	GlobalSection(ExtensibilityGlobals) = postSolution
		SolutionGuid = {CF2A6197-E629-49E9-9FD2-C73F4BD21901}
	EndGlobalSection
EndGlobal
