
Microsoft Visual Studio Solution File, Format Version 12.00
# Visual Studio 15
VisualStudioVersion = 15.0.27130.2036
MinimumVisualStudioVersion = 10.0.40219.1
Project("{FAE04EC0-301F-11D3-BF4B-00C04F79EFBC}") = "Capitulo01.Variaveis", "Capitulo01.Variaveis\Capitulo01.Variaveis.csproj", "{8177E0EB-630F-4CB8-A675-E079ECD77BC7}"
EndProject
Project("{FAE04EC0-301F-11D3-BF4B-00C04F79EFBC}") = "Capitulo01.Troco", "Capitulo01.Troco\Capitulo01.Troco.csproj", "{23413753-A221-4481-99FF-D2699F86BCF9}"
EndProject
Project("{FAE04EC0-301F-11D3-BF4B-00C04F79EFBC}") = "Capitulo02.Fretes", "Capitulo02.Fretes\Capitulo02.Fretes.csproj", "{A2F4274C-A0F2-4758-B155-1093F79DDDB1}"
EndProject
Project("{FAE04EC0-301F-11D3-BF4B-00C04F79EFBC}") = "Capitulo02.Tabuada", "Capitulo02.Tabuada\Capitulo02.Tabuada.csproj", "{FB38F395-A2F5-40DF-9407-577570D1E938}"
EndProject
Project("{FAE04EC0-301F-11D3-BF4B-00C04F79EFBC}") = "Capitulo02.Repeticao.Testes", "Capitulo02.Repeticao.Testes\Capitulo02.Repeticao.Testes.csproj", "{1EBED5AC-4B56-42CA-B0F5-D9A73DFA9C64}"
EndProject
Project("{FAE04EC0-301F-11D3-BF4B-00C04F79EFBC}") = "Oficina.Dominio", "Oficina.Dominio\Oficina.Dominio.csproj", "{19B91507-6B7E-4AC1-B64C-92B63F013EFC}"
EndProject
Project("{2150E333-8FDC-42A3-9474-1A3956D46DE8}") = "Oficina", "Oficina", "{D300BE21-170F-4AF3-B544-65FE442DF633}"
EndProject
Project("{FAE04EC0-301F-11D3-BF4B-00C04F79EFBC}") = "Oficina.Repositorios.SistemaArquivos", "Oficina.Repositorios.SistemaArquivos\Oficina.Repositorios.SistemaArquivos.csproj", "{6BCD7015-9E3B-416F-ACB5-CF0AE7F31D75}"
EndProject
Project("{FAE04EC0-301F-11D3-BF4B-00C04F79EFBC}") = "Oficina.Repositorios.SistemaArquivosTests", "Oficina.Repositorios.SistemaArquivosTests\Oficina.Repositorios.SistemaArquivosTests.csproj", "{C51D8FD0-12DD-4AF6-9D60-57F0FBDB7520}"
EndProject
Project("{FAE04EC0-301F-11D3-BF4B-00C04F79EFBC}") = "Capitulo06.Http.Testes", "Capitulo06.Http.Testes\Capitulo06.Http.Testes.csproj", "{368806A7-4351-49B9-974E-6CD1B13CA176}"
EndProject
Project("{FAE04EC0-301F-11D3-BF4B-00C04F79EFBC}") = "Oficina.AspNet", "Oficina.AspNet\Oficina.AspNet.csproj", "{4F0DB1A4-B9FA-4CA7-998E-7DF2C3E0A8A2}"
EndProject
Project("{FAE04EC0-301F-11D3-BF4B-00C04F79EFBC}") = "Capitulo09.EntityFramework.ModelFirst", "Capitulo09.EntityFramework.ModelFirst\Capitulo09.EntityFramework.ModelFirst.csproj", "{DA006CCB-D2BC-4211-8156-F159E2461B7C}"
EndProject
Project("{2150E333-8FDC-42A3-9474-1A3956D46DE8}") = "Loja", "Loja", "{D0085A14-987E-4D29-98EB-7D40D4719AB3}"
EndProject
Project("{FAE04EC0-301F-11D3-BF4B-00C04F79EFBC}") = "Loja.Dominio", "Loja.Dominio\Loja.Dominio.csproj", "{D9D26060-C3C9-4355-A6FA-E54811BA45E9}"
EndProject
Project("{FAE04EC0-301F-11D3-BF4B-00C04F79EFBC}") = "Loja.Repositorios.SqlServer.EF.CodeFirst", "Loja.Repositorios.SqlServer.EF.CodeFirst\Loja.Repositorios.SqlServer.EF.CodeFirst.csproj", "{EA738EC5-9F41-451B-88EC-FBE72B81516B}"
EndProject
Project("{FAE04EC0-301F-11D3-BF4B-00C04F79EFBC}") = "Loja.Repositorios.SqlServer.EF.CodeFirstTests", "Loja.Repositorios.SqlServer.EF.CodeFirstTests\Loja.Repositorios.SqlServer.EF.CodeFirstTests.csproj", "{9930516A-3F73-4242-A912-C270716AE38B}"
EndProject
Project("{FAE04EC0-301F-11D3-BF4B-00C04F79EFBC}") = "Loja.Mvc", "Loja.Mvc\Loja.Mvc.csproj", "{256FE938-D469-4926-A032-0CC6A83647F8}"
EndProject
Global
	GlobalSection(SolutionConfigurationPlatforms) = preSolution
		Debug|Any CPU = Debug|Any CPU
		Release|Any CPU = Release|Any CPU
	EndGlobalSection
	GlobalSection(ProjectConfigurationPlatforms) = postSolution
		{8177E0EB-630F-4CB8-A675-E079ECD77BC7}.Debug|Any CPU.ActiveCfg = Debug|Any CPU
		{8177E0EB-630F-4CB8-A675-E079ECD77BC7}.Debug|Any CPU.Build.0 = Debug|Any CPU
		{8177E0EB-630F-4CB8-A675-E079ECD77BC7}.Release|Any CPU.ActiveCfg = Release|Any CPU
		{8177E0EB-630F-4CB8-A675-E079ECD77BC7}.Release|Any CPU.Build.0 = Release|Any CPU
		{23413753-A221-4481-99FF-D2699F86BCF9}.Debug|Any CPU.ActiveCfg = Debug|Any CPU
		{23413753-A221-4481-99FF-D2699F86BCF9}.Debug|Any CPU.Build.0 = Debug|Any CPU
		{23413753-A221-4481-99FF-D2699F86BCF9}.Release|Any CPU.ActiveCfg = Release|Any CPU
		{23413753-A221-4481-99FF-D2699F86BCF9}.Release|Any CPU.Build.0 = Release|Any CPU
		{A2F4274C-A0F2-4758-B155-1093F79DDDB1}.Debug|Any CPU.ActiveCfg = Debug|Any CPU
		{A2F4274C-A0F2-4758-B155-1093F79DDDB1}.Debug|Any CPU.Build.0 = Debug|Any CPU
		{A2F4274C-A0F2-4758-B155-1093F79DDDB1}.Release|Any CPU.ActiveCfg = Release|Any CPU
		{A2F4274C-A0F2-4758-B155-1093F79DDDB1}.Release|Any CPU.Build.0 = Release|Any CPU
		{FB38F395-A2F5-40DF-9407-577570D1E938}.Debug|Any CPU.ActiveCfg = Debug|Any CPU
		{FB38F395-A2F5-40DF-9407-577570D1E938}.Debug|Any CPU.Build.0 = Debug|Any CPU
		{FB38F395-A2F5-40DF-9407-577570D1E938}.Release|Any CPU.ActiveCfg = Release|Any CPU
		{FB38F395-A2F5-40DF-9407-577570D1E938}.Release|Any CPU.Build.0 = Release|Any CPU
		{1EBED5AC-4B56-42CA-B0F5-D9A73DFA9C64}.Debug|Any CPU.ActiveCfg = Debug|Any CPU
		{1EBED5AC-4B56-42CA-B0F5-D9A73DFA9C64}.Debug|Any CPU.Build.0 = Debug|Any CPU
		{1EBED5AC-4B56-42CA-B0F5-D9A73DFA9C64}.Release|Any CPU.ActiveCfg = Release|Any CPU
		{1EBED5AC-4B56-42CA-B0F5-D9A73DFA9C64}.Release|Any CPU.Build.0 = Release|Any CPU
		{19B91507-6B7E-4AC1-B64C-92B63F013EFC}.Debug|Any CPU.ActiveCfg = Debug|Any CPU
		{19B91507-6B7E-4AC1-B64C-92B63F013EFC}.Debug|Any CPU.Build.0 = Debug|Any CPU
		{19B91507-6B7E-4AC1-B64C-92B63F013EFC}.Release|Any CPU.ActiveCfg = Release|Any CPU
		{19B91507-6B7E-4AC1-B64C-92B63F013EFC}.Release|Any CPU.Build.0 = Release|Any CPU
		{6BCD7015-9E3B-416F-ACB5-CF0AE7F31D75}.Debug|Any CPU.ActiveCfg = Debug|Any CPU
		{6BCD7015-9E3B-416F-ACB5-CF0AE7F31D75}.Debug|Any CPU.Build.0 = Debug|Any CPU
		{6BCD7015-9E3B-416F-ACB5-CF0AE7F31D75}.Release|Any CPU.ActiveCfg = Release|Any CPU
		{6BCD7015-9E3B-416F-ACB5-CF0AE7F31D75}.Release|Any CPU.Build.0 = Release|Any CPU
		{C51D8FD0-12DD-4AF6-9D60-57F0FBDB7520}.Debug|Any CPU.ActiveCfg = Debug|Any CPU
		{C51D8FD0-12DD-4AF6-9D60-57F0FBDB7520}.Debug|Any CPU.Build.0 = Debug|Any CPU
		{C51D8FD0-12DD-4AF6-9D60-57F0FBDB7520}.Release|Any CPU.ActiveCfg = Release|Any CPU
		{C51D8FD0-12DD-4AF6-9D60-57F0FBDB7520}.Release|Any CPU.Build.0 = Release|Any CPU
		{368806A7-4351-49B9-974E-6CD1B13CA176}.Debug|Any CPU.ActiveCfg = Debug|Any CPU
		{368806A7-4351-49B9-974E-6CD1B13CA176}.Debug|Any CPU.Build.0 = Debug|Any CPU
		{368806A7-4351-49B9-974E-6CD1B13CA176}.Release|Any CPU.ActiveCfg = Release|Any CPU
		{368806A7-4351-49B9-974E-6CD1B13CA176}.Release|Any CPU.Build.0 = Release|Any CPU
		{4F0DB1A4-B9FA-4CA7-998E-7DF2C3E0A8A2}.Debug|Any CPU.ActiveCfg = Debug|Any CPU
		{4F0DB1A4-B9FA-4CA7-998E-7DF2C3E0A8A2}.Debug|Any CPU.Build.0 = Debug|Any CPU
		{4F0DB1A4-B9FA-4CA7-998E-7DF2C3E0A8A2}.Release|Any CPU.ActiveCfg = Release|Any CPU
		{4F0DB1A4-B9FA-4CA7-998E-7DF2C3E0A8A2}.Release|Any CPU.Build.0 = Release|Any CPU
		{DA006CCB-D2BC-4211-8156-F159E2461B7C}.Debug|Any CPU.ActiveCfg = Debug|Any CPU
		{DA006CCB-D2BC-4211-8156-F159E2461B7C}.Debug|Any CPU.Build.0 = Debug|Any CPU
		{DA006CCB-D2BC-4211-8156-F159E2461B7C}.Release|Any CPU.ActiveCfg = Release|Any CPU
		{DA006CCB-D2BC-4211-8156-F159E2461B7C}.Release|Any CPU.Build.0 = Release|Any CPU
		{D9D26060-C3C9-4355-A6FA-E54811BA45E9}.Debug|Any CPU.ActiveCfg = Debug|Any CPU
		{D9D26060-C3C9-4355-A6FA-E54811BA45E9}.Debug|Any CPU.Build.0 = Debug|Any CPU
		{D9D26060-C3C9-4355-A6FA-E54811BA45E9}.Release|Any CPU.ActiveCfg = Release|Any CPU
		{D9D26060-C3C9-4355-A6FA-E54811BA45E9}.Release|Any CPU.Build.0 = Release|Any CPU
		{EA738EC5-9F41-451B-88EC-FBE72B81516B}.Debug|Any CPU.ActiveCfg = Debug|Any CPU
		{EA738EC5-9F41-451B-88EC-FBE72B81516B}.Debug|Any CPU.Build.0 = Debug|Any CPU
		{EA738EC5-9F41-451B-88EC-FBE72B81516B}.Release|Any CPU.ActiveCfg = Release|Any CPU
		{EA738EC5-9F41-451B-88EC-FBE72B81516B}.Release|Any CPU.Build.0 = Release|Any CPU
		{9930516A-3F73-4242-A912-C270716AE38B}.Debug|Any CPU.ActiveCfg = Debug|Any CPU
		{9930516A-3F73-4242-A912-C270716AE38B}.Debug|Any CPU.Build.0 = Debug|Any CPU
		{9930516A-3F73-4242-A912-C270716AE38B}.Release|Any CPU.ActiveCfg = Release|Any CPU
		{9930516A-3F73-4242-A912-C270716AE38B}.Release|Any CPU.Build.0 = Release|Any CPU
		{256FE938-D469-4926-A032-0CC6A83647F8}.Debug|Any CPU.ActiveCfg = Debug|Any CPU
		{256FE938-D469-4926-A032-0CC6A83647F8}.Debug|Any CPU.Build.0 = Debug|Any CPU
		{256FE938-D469-4926-A032-0CC6A83647F8}.Release|Any CPU.ActiveCfg = Release|Any CPU
		{256FE938-D469-4926-A032-0CC6A83647F8}.Release|Any CPU.Build.0 = Release|Any CPU
	EndGlobalSection
	GlobalSection(SolutionProperties) = preSolution
		HideSolutionNode = FALSE
	EndGlobalSection
	GlobalSection(NestedProjects) = preSolution
		{19B91507-6B7E-4AC1-B64C-92B63F013EFC} = {D300BE21-170F-4AF3-B544-65FE442DF633}
		{6BCD7015-9E3B-416F-ACB5-CF0AE7F31D75} = {D300BE21-170F-4AF3-B544-65FE442DF633}
		{C51D8FD0-12DD-4AF6-9D60-57F0FBDB7520} = {D300BE21-170F-4AF3-B544-65FE442DF633}
		{4F0DB1A4-B9FA-4CA7-998E-7DF2C3E0A8A2} = {D300BE21-170F-4AF3-B544-65FE442DF633}
		{D9D26060-C3C9-4355-A6FA-E54811BA45E9} = {D0085A14-987E-4D29-98EB-7D40D4719AB3}
		{EA738EC5-9F41-451B-88EC-FBE72B81516B} = {D0085A14-987E-4D29-98EB-7D40D4719AB3}
		{9930516A-3F73-4242-A912-C270716AE38B} = {D0085A14-987E-4D29-98EB-7D40D4719AB3}
		{256FE938-D469-4926-A032-0CC6A83647F8} = {D0085A14-987E-4D29-98EB-7D40D4719AB3}
	EndGlobalSection
	GlobalSection(ExtensibilityGlobals) = postSolution
		SolutionGuid = {CF2A6197-E629-49E9-9FD2-C73F4BD21901}
	EndGlobalSection
EndGlobal
